
Microsoft Visual Studio Solution File, Format Version 12.00
# Visual Studio Version 17
VisualStudioVersion = 17.4.33205.214
MinimumVisualStudioVersion = 10.0.40219.1
Project("{FAE04EC0-301F-11D3-BF4B-00C04F79EFBC}") = "ObjectOrientedProgrammingFinal", "ObjectOrientedProgrammingFinal\ObjectOrientedProgrammingFinal.csproj", "{C6FE800D-260B-4AC3-9B39-8FF7C4B00626}"
EndProject
Global
	GlobalSection(SolutionConfigurationPlatforms) = preSolution
		Debug|Any CPU = Debug|Any CPU
		Release|Any CPU = Release|Any CPU
	EndGlobalSection
	GlobalSection(ProjectConfigurationPlatforms) = postSolution
		{C6FE800D-260B-4AC3-9B39-8FF7C4B00626}.Debug|Any CPU.ActiveCfg = Debug|Any CPU
		{C6FE800D-260B-4AC3-9B39-8FF7C4B00626}.Debug|Any CPU.Build.0 = Debug|Any CPU
		{C6FE800D-260B-4AC3-9B39-8FF7C4B00626}.Release|Any CPU.ActiveCfg = Release|Any CPU
		{C6FE800D-260B-4AC3-9B39-8FF7C4B00626}.Release|Any CPU.Build.0 = Release|Any CPU
	EndGlobalSection
	GlobalSection(SolutionProperties) = preSolution
		HideSolutionNode = FALSE
	EndGlobalSection
	GlobalSection(ExtensibilityGlobals) = postSolution
		SolutionGuid = {7D03D1F0-742D-445C-B83B-4FE4DC13B690}
	EndGlobalSection
EndGlobal
